// !$*UTF8*$!
{
	archiveVersion = 1;
	classes = {
	};
	objectVersion = 46;
	objects = {

/* Begin PBXBuildFile section */
		981242E81CD1500000E26EE6 /* main.cpp in Sources */ = {isa = PBXBuildFile; fileRef = 981242E71CD1500000E26EE6 /* main.cpp */; };
		981242F01CD157C000E26EE6 /* ArithmeticClass.cpp in Sources */ = {isa = PBXBuildFile; fileRef = 981242EE1CD157C000E26EE6 /* ArithmeticClass.cpp */; };
/* End PBXBuildFile section */

/* Begin PBXCopyFilesBuildPhase section */
		981242E21CD1500000E26EE6 /* CopyFiles */ = {
			isa = PBXCopyFilesBuildPhase;
			buildActionMask = 2147483647;
			dstPath = /usr/share/man/man1/;
			dstSubfolderSpec = 0;
			files = (
			);
			runOnlyForDeploymentPostprocessing = 1;
		};
/* End PBXCopyFilesBuildPhase section */

/* Begin PBXFileReference section */
		981242E41CD1500000E26EE6 /* Calculator Ultilities */ = {isa = PBXFileReference; explicitFileType = "compiled.mach-o.executable"; includeInIndex = 0; path = "Calculator Ultilities"; sourceTree = BUILT_PRODUCTS_DIR; };
		981242E71CD1500000E26EE6 /* main.cpp */ = {isa = PBXFileReference; lastKnownFileType = sourcecode.cpp.cpp; path = main.cpp; sourceTree = "<group>"; };
		981242EE1CD157C000E26EE6 /* ArithmeticClass.cpp */ = {isa = PBXFileReference; fileEncoding = 4; lastKnownFileType = sourcecode.cpp.cpp; path = ArithmeticClass.cpp; sourceTree = "<group>"; };
		981242EF1CD157C000E26EE6 /* ArithmeticClass.hpp */ = {isa = PBXFileReference; fileEncoding = 4; lastKnownFileType = sourcecode.cpp.h; path = ArithmeticClass.hpp; sourceTree = "<group>"; };
		9828C21B1CDA867000B8E817 /* .gitignore */ = {isa = PBXFileReference; fileEncoding = 4; lastKnownFileType = text; path = .gitignore; sourceTree = "<group>"; };
		98723CAD1CD924B800F080C9 /* README.md */ = {isa = PBXFileReference; fileEncoding = 4; lastKnownFileType = net.daringfireball.markdown; path = README.md; sourceTree = SOURCE_ROOT; };
/* End PBXFileReference section */

/* Begin PBXFrameworksBuildPhase section */
		981242E11CD1500000E26EE6 /* Frameworks */ = {
			isa = PBXFrameworksBuildPhase;
			buildActionMask = 2147483647;
			files = (
			);
			runOnlyForDeploymentPostprocessing = 0;
		};
/* End PBXFrameworksBuildPhase section */

/* Begin PBXGroup section */
		981242DB1CD1500000E26EE6 = {
			isa = PBXGroup;
			children = (
				9828C21B1CDA867000B8E817 /* .gitignore */,
				981242E61CD1500000E26EE6 /* Calculator Ultilities */,
				981242E51CD1500000E26EE6 /* Products */,
			);
			sourceTree = "<group>";
		};
		981242E51CD1500000E26EE6 /* Products */ = {
			isa = PBXGroup;
			children = (
				981242E41CD1500000E26EE6 /* Calculator Ultilities */,
			);
			name = Products;
			sourceTree = "<group>";
		};
		981242E61CD1500000E26EE6 /* Calculator Ultilities */ = {
			isa = PBXGroup;
			children = (
				98723CAD1CD924B800F080C9 /* README.md */,
				981242E71CD1500000E26EE6 /* main.cpp */,
				981242EE1CD157C000E26EE6 /* ArithmeticClass.cpp */,
				981242EF1CD157C000E26EE6 /* ArithmeticClass.hpp */,
			);
			path = "Calculator Ultilities";
			sourceTree = "<group>";
		};
/* End PBXGroup section */

/* Begin PBXNativeTarget section */
		981242E31CD1500000E26EE6 /* Calculator Ultilities */ = {
			isa = PBXNativeTarget;
			buildConfigurationList = 981242EB1CD1500000E26EE6 /* Build configuration list for PBXNativeTarget "Calculator Ultilities" */;
			buildPhases = (
				981242E01CD1500000E26EE6 /* Sources */,
				981242E11CD1500000E26EE6 /* Frameworks */,
				981242E21CD1500000E26EE6 /* CopyFiles */,
			);
			buildRules = (
			);
			dependencies = (
			);
			name = "Calculator Ultilities";
			productName = "Calculator Ultilities";
			productReference = 981242E41CD1500000E26EE6 /* Calculator Ultilities */;
			productType = "com.apple.product-type.tool";
		};
/* End PBXNativeTarget section */

/* Begin PBXProject section */
		981242DC1CD1500000E26EE6 /* Project object */ = {
			isa = PBXProject;
			attributes = {
				LastUpgradeCheck = 0730;
				ORGANIZATIONNAME = "Tran Thai Phuoc";
				TargetAttributes = {
					981242E31CD1500000E26EE6 = {
						CreatedOnToolsVersion = 7.3;
					};
				};
			};
			buildConfigurationList = 981242DF1CD1500000E26EE6 /* Build configuration list for PBXProject "Calculator Ultilities" */;
			compatibilityVersion = "Xcode 3.2";
			developmentRegion = English;
			hasScannedForEncodings = 0;
			knownRegions = (
				en,
			);
			mainGroup = 981242DB1CD1500000E26EE6;
			productRefGroup = 981242E51CD1500000E26EE6 /* Products */;
			projectDirPath = "";
			projectRoot = "";
			targets = (
				981242E31CD1500000E26EE6 /* Calculator Ultilities */,
			);
		};
/* End PBXProject section */

/* Begin PBXSourcesBuildPhase section */
		981242E01CD1500000E26EE6 /* Sources */ = {
			isa = PBXSourcesBuildPhase;
			buildActionMask = 2147483647;
			files = (
				981242F01CD157C000E26EE6 /* ArithmeticClass.cpp in Sources */,
				981242E81CD1500000E26EE6 /* main.cpp in Sources */,
			);
			runOnlyForDeploymentPostprocessing = 0;
		};
/* End PBXSourcesBuildPhase section */

/* Begin XCBuildConfiguration section */
		981242E91CD1500000E26EE6 /* Debug */ = {
			isa = XCBuildConfiguration;
			buildSettings = {
				ALWAYS_SEARCH_USER_PATHS = NO;
				CLANG_ANALYZER_NONNULL = YES;
				CLANG_CXX_LANGUAGE_STANDARD = "gnu++0x";
				CLANG_CXX_LIBRARY = "libc++";
				CLANG_ENABLE_MODULES = YES;
				CLANG_ENABLE_OBJC_ARC = YES;
				CLANG_WARN_BOOL_CONVERSION = YES;
				CLANG_WARN_CONSTANT_CONVERSION = YES;
				CLANG_WARN_DIRECT_OBJC_ISA_USAGE = YES_ERROR;
				CLANG_WARN_EMPTY_BODY = YES;
				CLANG_WARN_ENUM_CONVERSION = YES;
				CLANG_WARN_INT_CONVERSION = YES;
				CLANG_WARN_OBJC_ROOT_CLASS = YES_ERROR;
				CLANG_WARN_UNREACHABLE_CODE = YES;
				CLANG_WARN__DUPLICATE_METHOD_MATCH = YES;
				CODE_SIGN_IDENTITY = "-";
				COPY_PHASE_STRIP = NO;
				DEBUG_INFORMATION_FORMAT = dwarf;
				ENABLE_STRICT_OBJC_MSGSEND = YES;
				ENABLE_TESTABILITY = YES;
				GCC_C_LANGUAGE_STANDARD = gnu99;
				GCC_DYNAMIC_NO_PIC = NO;
				GCC_NO_COMMON_BLOCKS = YES;
				GCC_OPTIMIZATION_LEVEL = 0;
				GCC_PREPROCESSOR_DEFINITIONS = (
					"DEBUG=1",
					"$(inherited)",
				);
				GCC_WARN_64_TO_32_BIT_CONVERSION = YES;
				GCC_WARN_ABOUT_RETURN_TYPE = YES_ERROR;
				GCC_WARN_UNDECLARED_SELECTOR = YES;
				GCC_WARN_UNINITIALIZED_AUTOS = YES_AGGRESSIVE;
				GCC_WARN_UNUSED_FUNCTION = YES;
				GCC_WARN_UNUSED_VARIABLE = YES;
				MACOSX_DEPLOYMENT_TARGET = 10.11;
				MTL_ENABLE_DEBUG_INFO = YES;
				ONLY_ACTIVE_ARCH = YES;
				SDKROOT = macosx;
			};
			name = Debug;
		};
		981242EA1CD1500000E26EE6 /* Release */ = {
			isa = XCBuildConfiguration;
			buildSettings = {
				ALWAYS_SEARCH_USER_PATHS = NO;
				CLANG_ANALYZER_NONNULL = YES;
				CLANG_CXX_LANGUAGE_STANDARD = "gnu++0x";
				CLANG_CXX_LIBRARY = "libc++";
				CLANG_ENABLE_MODULES = YES;
				CLANG_ENABLE_OBJC_ARC = YES;
				CLANG_WARN_BOOL_CONVERSION = YES;
				CLANG_WARN_CONSTANT_CONVERSION = YES;
				CLANG_WARN_DIRECT_OBJC_ISA_USAGE = YES_ERROR;
				CLANG_WARN_EMPTY_BODY = YES;
				CLANG_WARN_ENUM_CONVERSION = YES;
				CLANG_WARN_INT_CONVERSION = YES;
				CLANG_WARN_OBJC_ROOT_CLASS = YES_ERROR;
				CLANG_WARN_UNREACHABLE_CODE = YES;
				CLANG_WARN__DUPLICATE_METHOD_MATCH = YES;
				CODE_SIGN_IDENTITY = "-";
				COPY_PHASE_STRIP = NO;
				DEBUG_INFORMATION_FORMAT = "dwarf-with-dsym";
				ENABLE_NS_ASSERTIONS = NO;
				ENABLE_STRICT_OBJC_MSGSEND = YES;
				GCC_C_LANGUAGE_STANDARD = gnu99;
				GCC_NO_COMMON_BLOCKS = YES;
				GCC_WARN_64_TO_32_BIT_CONVERSION = YES;
				GCC_WARN_ABOUT_RETURN_TYPE = YES_ERROR;
				GCC_WARN_UNDECLARED_SELECTOR = YES;
				GCC_WARN_UNINITIALIZED_AUTOS = YES_AGGRESSIVE;
				GCC_WARN_UNUSED_FUNCTION = YES;
				GCC_WARN_UNUSED_VARIABLE = YES;
				MACOSX_DEPLOYMENT_TARGET = 10.11;
				MTL_ENABLE_DEBUG_INFO = NO;
				SDKROOT = macosx;
			};
			name = Release;
		};
		981242EC1CD1500000E26EE6 /* Debug */ = {
			isa = XCBuildConfiguration;
			buildSettings = {
				PRODUCT_NAME = "$(TARGET_NAME)";
			};
			name = Debug;
		};
		981242ED1CD1500000E26EE6 /* Release */ = {
			isa = XCBuildConfiguration;
			buildSettings = {
				PRODUCT_NAME = "$(TARGET_NAME)";
			};
			name = Release;
		};
/* End XCBuildConfiguration section */

/* Begin XCConfigurationList section */
		981242DF1CD1500000E26EE6 /* Build configuration list for PBXProject "Calculator Ultilities" */ = {
			isa = XCConfigurationList;
			buildConfigurations = (
				981242E91CD1500000E26EE6 /* Debug */,
				981242EA1CD1500000E26EE6 /* Release */,
			);
			defaultConfigurationIsVisible = 0;
			defaultConfigurationName = Release;
		};
		981242EB1CD1500000E26EE6 /* Build configuration list for PBXNativeTarget "Calculator Ultilities" */ = {
			isa = XCConfigurationList;
			buildConfigurations = (
				981242EC1CD1500000E26EE6 /* Debug */,
				981242ED1CD1500000E26EE6 /* Release */,
			);
			defaultConfigurationIsVisible = 0;
			defaultConfigurationName = Release;
		};
/* End XCConfigurationList section */
	};
	rootObject = 981242DC1CD1500000E26EE6 /* Project object */;
}
